// !$*UTF8*$!
{
	archiveVersion = 1;
	classes = {
	};
	objectVersion = 56;
	objects = {

/* Begin PBXBuildFile section */
		982FEDD528F836A000634B0E /* PiggyModel.swift in Sources */ = {isa = PBXBuildFile; fileRef = 982FEDD428F836A000634B0E /* PiggyModel.swift */; };
		982FEDD928F8583C00634B0E /* PiggyTableViewController.swift in Sources */ = {isa = PBXBuildFile; fileRef = 982FEDD828F8583C00634B0E /* PiggyTableViewController.swift */; };
		9888097728F5DB7E0067E3F1 /* AppDelegate.swift in Sources */ = {isa = PBXBuildFile; fileRef = 9888097628F5DB7E0067E3F1 /* AppDelegate.swift */; };
		9888097928F5DB7E0067E3F1 /* SceneDelegate.swift in Sources */ = {isa = PBXBuildFile; fileRef = 9888097828F5DB7E0067E3F1 /* SceneDelegate.swift */; };
		9888097B28F5DB7E0067E3F1 /* ViewController.swift in Sources */ = {isa = PBXBuildFile; fileRef = 9888097A28F5DB7E0067E3F1 /* ViewController.swift */; };
		9888098128F5DB7E0067E3F1 /* Piggy_Bank.xcdatamodeld in Sources */ = {isa = PBXBuildFile; fileRef = 9888097F28F5DB7E0067E3F1 /* Piggy_Bank.xcdatamodeld */; };
		9888098328F5DB7F0067E3F1 /* Assets.xcassets in Resources */ = {isa = PBXBuildFile; fileRef = 9888098228F5DB7F0067E3F1 /* Assets.xcassets */; };
		9888098628F5DB7F0067E3F1 /* LaunchScreen.storyboard in Resources */ = {isa = PBXBuildFile; fileRef = 9888098428F5DB7F0067E3F1 /* LaunchScreen.storyboard */; };
		9888099128F5DB7F0067E3F1 /* Piggy_BankTests.swift in Sources */ = {isa = PBXBuildFile; fileRef = 9888099028F5DB7F0067E3F1 /* Piggy_BankTests.swift */; };
		988809AE28F5FB540067E3F1 /* API.swift in Sources */ = {isa = PBXBuildFile; fileRef = 988809AD28F5FB540067E3F1 /* API.swift */; };
		98F470C228F9871300264E1E /* PiggiesViewModel.swift in Sources */ = {isa = PBXBuildFile; fileRef = 98F470C128F9871300264E1E /* PiggiesViewModel.swift */; };
		98F470C428F9A53300264E1E /* PiggyTableViewCell.swift in Sources */ = {isa = PBXBuildFile; fileRef = 98F470C328F9A53300264E1E /* PiggyTableViewCell.swift */; };
		98F470C628FF3F6400264E1E /* PiggyConversionModel.swift in Sources */ = {isa = PBXBuildFile; fileRef = 98F470C528FF3F6400264E1E /* PiggyConversionModel.swift */; };
		98F470CA2902E12300264E1E /* DataViewController.swift in Sources */ = {isa = PBXBuildFile; fileRef = 98F470C92902E12300264E1E /* DataViewController.swift */; };
/* End PBXBuildFile section */

/* Begin PBXContainerItemProxy section */
		9888098D28F5DB7F0067E3F1 /* PBXContainerItemProxy */ = {
			isa = PBXContainerItemProxy;
			containerPortal = 9888096B28F5DB7E0067E3F1 /* Project object */;
			proxyType = 1;
			remoteGlobalIDString = 9888097228F5DB7E0067E3F1;
			remoteInfo = "Piggy Bank";
		};
		9888099728F5DB7F0067E3F1 /* PBXContainerItemProxy */ = {
			isa = PBXContainerItemProxy;
			containerPortal = 9888096B28F5DB7E0067E3F1 /* Project object */;
			proxyType = 1;
			remoteGlobalIDString = 9888097228F5DB7E0067E3F1;
			remoteInfo = "Piggy Bank";
		};
/* End PBXContainerItemProxy section */

/* Begin PBXFileReference section */
		982FEDD428F836A000634B0E /* PiggyModel.swift */ = {isa = PBXFileReference; lastKnownFileType = sourcecode.swift; path = PiggyModel.swift; sourceTree = "<group>"; };
		982FEDD828F8583C00634B0E /* PiggyTableViewController.swift */ = {isa = PBXFileReference; lastKnownFileType = sourcecode.swift; path = PiggyTableViewController.swift; sourceTree = "<group>"; };
		9888097328F5DB7E0067E3F1 /* Piggy Bank.app */ = {isa = PBXFileReference; explicitFileType = wrapper.application; includeInIndex = 0; path = "Piggy Bank.app"; sourceTree = BUILT_PRODUCTS_DIR; };
		9888097628F5DB7E0067E3F1 /* AppDelegate.swift */ = {isa = PBXFileReference; lastKnownFileType = sourcecode.swift; path = AppDelegate.swift; sourceTree = "<group>"; };
		9888097828F5DB7E0067E3F1 /* SceneDelegate.swift */ = {isa = PBXFileReference; lastKnownFileType = sourcecode.swift; path = SceneDelegate.swift; sourceTree = "<group>"; };
		9888097A28F5DB7E0067E3F1 /* ViewController.swift */ = {isa = PBXFileReference; lastKnownFileType = sourcecode.swift; path = ViewController.swift; sourceTree = "<group>"; };
		9888098028F5DB7E0067E3F1 /* Piggy_Bank.xcdatamodel */ = {isa = PBXFileReference; lastKnownFileType = wrapper.xcdatamodel; path = Piggy_Bank.xcdatamodel; sourceTree = "<group>"; };
		9888098228F5DB7F0067E3F1 /* Assets.xcassets */ = {isa = PBXFileReference; lastKnownFileType = folder.assetcatalog; path = Assets.xcassets; sourceTree = "<group>"; };
		9888098528F5DB7F0067E3F1 /* Base */ = {isa = PBXFileReference; lastKnownFileType = file.storyboard; name = Base; path = Base.lproj/LaunchScreen.storyboard; sourceTree = "<group>"; };
		9888098728F5DB7F0067E3F1 /* Info.plist */ = {isa = PBXFileReference; lastKnownFileType = text.plist.xml; path = Info.plist; sourceTree = "<group>"; };
		9888098C28F5DB7F0067E3F1 /* Piggy BankTests.xctest */ = {isa = PBXFileReference; explicitFileType = wrapper.cfbundle; includeInIndex = 0; path = "Piggy BankTests.xctest"; sourceTree = BUILT_PRODUCTS_DIR; };
		9888099028F5DB7F0067E3F1 /* Piggy_BankTests.swift */ = {isa = PBXFileReference; lastKnownFileType = sourcecode.swift; path = Piggy_BankTests.swift; sourceTree = "<group>"; };
		9888099628F5DB7F0067E3F1 /* Piggy BankUITests.xctest */ = {isa = PBXFileReference; explicitFileType = wrapper.cfbundle; includeInIndex = 0; path = "Piggy BankUITests.xctest"; sourceTree = BUILT_PRODUCTS_DIR; };
		988809AD28F5FB540067E3F1 /* API.swift */ = {isa = PBXFileReference; lastKnownFileType = sourcecode.swift; path = API.swift; sourceTree = "<group>"; };
		98F470C128F9871300264E1E /* PiggiesViewModel.swift */ = {isa = PBXFileReference; lastKnownFileType = sourcecode.swift; path = PiggiesViewModel.swift; sourceTree = "<group>"; };
		98F470C328F9A53300264E1E /* PiggyTableViewCell.swift */ = {isa = PBXFileReference; lastKnownFileType = sourcecode.swift; path = PiggyTableViewCell.swift; sourceTree = "<group>"; };
		98F470C528FF3F6400264E1E /* PiggyConversionModel.swift */ = {isa = PBXFileReference; lastKnownFileType = sourcecode.swift; path = PiggyConversionModel.swift; sourceTree = "<group>"; };
		98F470C92902E12300264E1E /* DataViewController.swift */ = {isa = PBXFileReference; lastKnownFileType = sourcecode.swift; path = DataViewController.swift; sourceTree = "<group>"; };
/* End PBXFileReference section */

/* Begin PBXFrameworksBuildPhase section */
		9888097028F5DB7E0067E3F1 /* Frameworks */ = {
			isa = PBXFrameworksBuildPhase;
			buildActionMask = 2147483647;
			files = (
			);
			runOnlyForDeploymentPostprocessing = 0;
		};
		9888098928F5DB7F0067E3F1 /* Frameworks */ = {
			isa = PBXFrameworksBuildPhase;
			buildActionMask = 2147483647;
			files = (
			);
			runOnlyForDeploymentPostprocessing = 0;
		};
		9888099328F5DB7F0067E3F1 /* Frameworks */ = {
			isa = PBXFrameworksBuildPhase;
			buildActionMask = 2147483647;
			files = (
			);
			runOnlyForDeploymentPostprocessing = 0;
		};
/* End PBXFrameworksBuildPhase section */

/* Begin PBXGroup section */
		9888096A28F5DB7E0067E3F1 = {
			isa = PBXGroup;
			children = (
				9888097528F5DB7E0067E3F1 /* Piggy Bank */,
				9888098F28F5DB7F0067E3F1 /* Piggy BankTests */,
				9888097428F5DB7E0067E3F1 /* Products */,
			);
			sourceTree = "<group>";
		};
		9888097428F5DB7E0067E3F1 /* Products */ = {
			isa = PBXGroup;
			children = (
				9888097328F5DB7E0067E3F1 /* Piggy Bank.app */,
				9888098C28F5DB7F0067E3F1 /* Piggy BankTests.xctest */,
				9888099628F5DB7F0067E3F1 /* Piggy BankUITests.xctest */,
			);
			name = Products;
			sourceTree = "<group>";
		};
		9888097528F5DB7E0067E3F1 /* Piggy Bank */ = {
			isa = PBXGroup;
			children = (
				988809AF28F5FB580067E3F1 /* Services */,
				988809AC28F5FA330067E3F1 /* ViewModel */,
				988809AB28F5FA250067E3F1 /* Model */,
				988809AA28F5FA1A0067E3F1 /* View */,
				9888097628F5DB7E0067E3F1 /* AppDelegate.swift */,
				9888097828F5DB7E0067E3F1 /* SceneDelegate.swift */,
				9888098228F5DB7F0067E3F1 /* Assets.xcassets */,
				9888098428F5DB7F0067E3F1 /* LaunchScreen.storyboard */,
				9888098728F5DB7F0067E3F1 /* Info.plist */,
				9888097F28F5DB7E0067E3F1 /* Piggy_Bank.xcdatamodeld */,
			);
			path = "Piggy Bank";
			sourceTree = "<group>";
		};
		9888098F28F5DB7F0067E3F1 /* Piggy BankTests */ = {
			isa = PBXGroup;
			children = (
				9888099028F5DB7F0067E3F1 /* Piggy_BankTests.swift */,
			);
			path = "Piggy BankTests";
			sourceTree = "<group>";
		};
		988809AA28F5FA1A0067E3F1 /* View */ = {
			isa = PBXGroup;
			children = (
				9888097A28F5DB7E0067E3F1 /* ViewController.swift */,
				982FEDD828F8583C00634B0E /* PiggyTableViewController.swift */,
				98F470C328F9A53300264E1E /* PiggyTableViewCell.swift */,
				98F470C92902E12300264E1E /* DataViewController.swift */,
			);
			path = View;
			sourceTree = "<group>";
		};
		988809AB28F5FA250067E3F1 /* Model */ = {
			isa = PBXGroup;
			children = (
				982FEDD428F836A000634B0E /* PiggyModel.swift */,
				98F470C528FF3F6400264E1E /* PiggyConversionModel.swift */,
			);
			path = Model;
			sourceTree = "<group>";
		};
		988809AC28F5FA330067E3F1 /* ViewModel */ = {
			isa = PBXGroup;
			children = (
				98F470C128F9871300264E1E /* PiggiesViewModel.swift */,
			);
			path = ViewModel;
			sourceTree = "<group>";
		};
		988809AF28F5FB580067E3F1 /* Services */ = {
			isa = PBXGroup;
			children = (
				988809AD28F5FB540067E3F1 /* API.swift */,
			);
			path = Services;
			sourceTree = "<group>";
		};
/* End PBXGroup section */

/* Begin PBXNativeTarget section */
		9888097228F5DB7E0067E3F1 /* Piggy Bank */ = {
			isa = PBXNativeTarget;
			buildConfigurationList = 988809A028F5DB7F0067E3F1 /* Build configuration list for PBXNativeTarget "Piggy Bank" */;
			buildPhases = (
				9888096F28F5DB7E0067E3F1 /* Sources */,
				9888097028F5DB7E0067E3F1 /* Frameworks */,
				9888097128F5DB7E0067E3F1 /* Resources */,
			);
			buildRules = (
			);
			dependencies = (
			);
			name = "Piggy Bank";
			productName = "Piggy Bank";
			productReference = 9888097328F5DB7E0067E3F1 /* Piggy Bank.app */;
			productType = "com.apple.product-type.application";
		};
		9888098B28F5DB7F0067E3F1 /* Piggy BankTests */ = {
			isa = PBXNativeTarget;
			buildConfigurationList = 988809A328F5DB7F0067E3F1 /* Build configuration list for PBXNativeTarget "Piggy BankTests" */;
			buildPhases = (
				9888098828F5DB7F0067E3F1 /* Sources */,
				9888098928F5DB7F0067E3F1 /* Frameworks */,
				9888098A28F5DB7F0067E3F1 /* Resources */,
			);
			buildRules = (
			);
			dependencies = (
				9888098E28F5DB7F0067E3F1 /* PBXTargetDependency */,
			);
			name = "Piggy BankTests";
			productName = "Piggy BankTests";
			productReference = 9888098C28F5DB7F0067E3F1 /* Piggy BankTests.xctest */;
			productType = "com.apple.product-type.bundle.unit-test";
		};
		9888099528F5DB7F0067E3F1 /* Piggy BankUITests */ = {
			isa = PBXNativeTarget;
			buildConfigurationList = 988809A628F5DB7F0067E3F1 /* Build configuration list for PBXNativeTarget "Piggy BankUITests" */;
			buildPhases = (
				9888099228F5DB7F0067E3F1 /* Sources */,
				9888099328F5DB7F0067E3F1 /* Frameworks */,
				9888099428F5DB7F0067E3F1 /* Resources */,
			);
			buildRules = (
			);
			dependencies = (
				9888099828F5DB7F0067E3F1 /* PBXTargetDependency */,
			);
			name = "Piggy BankUITests";
			productName = "Piggy BankUITests";
			productReference = 9888099628F5DB7F0067E3F1 /* Piggy BankUITests.xctest */;
			productType = "com.apple.product-type.bundle.ui-testing";
		};
/* End PBXNativeTarget section */

/* Begin PBXProject section */
		9888096B28F5DB7E0067E3F1 /* Project object */ = {
			isa = PBXProject;
			attributes = {
				BuildIndependentTargetsInParallel = 1;
				LastSwiftUpdateCheck = 1400;
				LastUpgradeCheck = 1400;
				TargetAttributes = {
					9888097228F5DB7E0067E3F1 = {
						CreatedOnToolsVersion = 14.0.1;
					};
					9888098B28F5DB7F0067E3F1 = {
						CreatedOnToolsVersion = 14.0.1;
						TestTargetID = 9888097228F5DB7E0067E3F1;
					};
					9888099528F5DB7F0067E3F1 = {
						CreatedOnToolsVersion = 14.0.1;
						TestTargetID = 9888097228F5DB7E0067E3F1;
					};
				};
			};
			buildConfigurationList = 9888096E28F5DB7E0067E3F1 /* Build configuration list for PBXProject "Piggy Bank" */;
			compatibilityVersion = "Xcode 14.0";
			developmentRegion = en;
			hasScannedForEncodings = 0;
			knownRegions = (
				en,
				Base,
			);
			mainGroup = 9888096A28F5DB7E0067E3F1;
			productRefGroup = 9888097428F5DB7E0067E3F1 /* Products */;
			projectDirPath = "";
			projectRoot = "";
			targets = (
				9888097228F5DB7E0067E3F1 /* Piggy Bank */,
				9888098B28F5DB7F0067E3F1 /* Piggy BankTests */,
				9888099528F5DB7F0067E3F1 /* Piggy BankUITests */,
			);
		};
/* End PBXProject section */

/* Begin PBXResourcesBuildPhase section */
		9888097128F5DB7E0067E3F1 /* Resources */ = {
			isa = PBXResourcesBuildPhase;
			buildActionMask = 2147483647;
			files = (
				9888098628F5DB7F0067E3F1 /* LaunchScreen.storyboard in Resources */,
				9888098328F5DB7F0067E3F1 /* Assets.xcassets in Resources */,
			);
			runOnlyForDeploymentPostprocessing = 0;
		};
		9888098A28F5DB7F0067E3F1 /* Resources */ = {
			isa = PBXResourcesBuildPhase;
			buildActionMask = 2147483647;
			files = (
			);
			runOnlyForDeploymentPostprocessing = 0;
		};
		9888099428F5DB7F0067E3F1 /* Resources */ = {
			isa = PBXResourcesBuildPhase;
			buildActionMask = 2147483647;
			files = (
			);
			runOnlyForDeploymentPostprocessing = 0;
		};
/* End PBXResourcesBuildPhase section */

/* Begin PBXSourcesBuildPhase section */
		9888096F28F5DB7E0067E3F1 /* Sources */ = {
			isa = PBXSourcesBuildPhase;
			buildActionMask = 2147483647;
			files = (
				9888097B28F5DB7E0067E3F1 /* ViewController.swift in Sources */,
				9888097728F5DB7E0067E3F1 /* AppDelegate.swift in Sources */,
				982FEDD528F836A000634B0E /* PiggyModel.swift in Sources */,
				9888098128F5DB7E0067E3F1 /* Piggy_Bank.xcdatamodeld in Sources */,
				98F470C628FF3F6400264E1E /* PiggyConversionModel.swift in Sources */,
				9888097928F5DB7E0067E3F1 /* SceneDelegate.swift in Sources */,
				98F470C228F9871300264E1E /* PiggiesViewModel.swift in Sources */,
				98F470C428F9A53300264E1E /* PiggyTableViewCell.swift in Sources */,
				982FEDD928F8583C00634B0E /* PiggyTableViewController.swift in Sources */,
				988809AE28F5FB540067E3F1 /* API.swift in Sources */,
				98F470CA2902E12300264E1E /* DataViewController.swift in Sources */,
			);
			runOnlyForDeploymentPostprocessing = 0;
		};
		9888098828F5DB7F0067E3F1 /* Sources */ = {
			isa = PBXSourcesBuildPhase;
			buildActionMask = 2147483647;
			files = (
				9888099128F5DB7F0067E3F1 /* Piggy_BankTests.swift in Sources */,
			);
			runOnlyForDeploymentPostprocessing = 0;
		};
		9888099228F5DB7F0067E3F1 /* Sources */ = {
			isa = PBXSourcesBuildPhase;
			buildActionMask = 2147483647;
			files = (
			);
			runOnlyForDeploymentPostprocessing = 0;
		};
/* End PBXSourcesBuildPhase section */

/* Begin PBXTargetDependency section */
		9888098E28F5DB7F0067E3F1 /* PBXTargetDependency */ = {
			isa = PBXTargetDependency;
			target = 9888097228F5DB7E0067E3F1 /* Piggy Bank */;
			targetProxy = 9888098D28F5DB7F0067E3F1 /* PBXContainerItemProxy */;
		};
		9888099828F5DB7F0067E3F1 /* PBXTargetDependency */ = {
			isa = PBXTargetDependency;
			target = 9888097228F5DB7E0067E3F1 /* Piggy Bank */;
			targetProxy = 9888099728F5DB7F0067E3F1 /* PBXContainerItemProxy */;
		};
/* End PBXTargetDependency section */

/* Begin PBXVariantGroup section */
		9888098428F5DB7F0067E3F1 /* LaunchScreen.storyboard */ = {
			isa = PBXVariantGroup;
			children = (
				9888098528F5DB7F0067E3F1 /* Base */,
			);
			name = LaunchScreen.storyboard;
			sourceTree = "<group>";
		};
/* End PBXVariantGroup section */

/* Begin XCBuildConfiguration section */
		9888099E28F5DB7F0067E3F1 /* Debug */ = {
			isa = XCBuildConfiguration;
			buildSettings = {
				ALWAYS_SEARCH_USER_PATHS = NO;
				CLANG_ANALYZER_NONNULL = YES;
				CLANG_ANALYZER_NUMBER_OBJECT_CONVERSION = YES_AGGRESSIVE;
				CLANG_CXX_LANGUAGE_STANDARD = "gnu++20";
				CLANG_ENABLE_MODULES = YES;
				CLANG_ENABLE_OBJC_ARC = YES;
				CLANG_ENABLE_OBJC_WEAK = YES;
				CLANG_WARN_BLOCK_CAPTURE_AUTORELEASING = YES;
				CLANG_WARN_BOOL_CONVERSION = YES;
				CLANG_WARN_COMMA = YES;
				CLANG_WARN_CONSTANT_CONVERSION = YES;
				CLANG_WARN_DEPRECATED_OBJC_IMPLEMENTATIONS = YES;
				CLANG_WARN_DIRECT_OBJC_ISA_USAGE = YES_ERROR;
				CLANG_WARN_DOCUMENTATION_COMMENTS = YES;
				CLANG_WARN_EMPTY_BODY = YES;
				CLANG_WARN_ENUM_CONVERSION = YES;
				CLANG_WARN_INFINITE_RECURSION = YES;
				CLANG_WARN_INT_CONVERSION = YES;
				CLANG_WARN_NON_LITERAL_NULL_CONVERSION = YES;
				CLANG_WARN_OBJC_IMPLICIT_RETAIN_SELF = YES;
				CLANG_WARN_OBJC_LITERAL_CONVERSION = YES;
				CLANG_WARN_OBJC_ROOT_CLASS = YES_ERROR;
				CLANG_WARN_QUOTED_INCLUDE_IN_FRAMEWORK_HEADER = YES;
				CLANG_WARN_RANGE_LOOP_ANALYSIS = YES;
				CLANG_WARN_STRICT_PROTOTYPES = YES;
				CLANG_WARN_SUSPICIOUS_MOVE = YES;
				CLANG_WARN_UNGUARDED_AVAILABILITY = YES_AGGRESSIVE;
				CLANG_WARN_UNREACHABLE_CODE = YES;
				CLANG_WARN__DUPLICATE_METHOD_MATCH = YES;
				COPY_PHASE_STRIP = NO;
				DEBUG_INFORMATION_FORMAT = dwarf;
				ENABLE_STRICT_OBJC_MSGSEND = YES;
				ENABLE_TESTABILITY = YES;
				GCC_C_LANGUAGE_STANDARD = gnu11;
				GCC_DYNAMIC_NO_PIC = NO;
				GCC_NO_COMMON_BLOCKS = YES;
				GCC_OPTIMIZATION_LEVEL = 0;
				GCC_PREPROCESSOR_DEFINITIONS = (
					"DEBUG=1",
					"$(inherited)",
				);
				GCC_WARN_64_TO_32_BIT_CONVERSION = YES;
				GCC_WARN_ABOUT_RETURN_TYPE = YES_ERROR;
				GCC_WARN_UNDECLARED_SELECTOR = YES;
				GCC_WARN_UNINITIALIZED_AUTOS = YES_AGGRESSIVE;
				GCC_WARN_UNUSED_FUNCTION = YES;
				GCC_WARN_UNUSED_VARIABLE = YES;
				IPHONEOS_DEPLOYMENT_TARGET = 16.0;
				MTL_ENABLE_DEBUG_INFO = INCLUDE_SOURCE;
				MTL_FAST_MATH = YES;
				ONLY_ACTIVE_ARCH = YES;
				SDKROOT = iphoneos;
				SWIFT_ACTIVE_COMPILATION_CONDITIONS = DEBUG;
				SWIFT_OPTIMIZATION_LEVEL = "-Onone";
			};
			name = Debug;
		};
		9888099F28F5DB7F0067E3F1 /* Release */ = {
			isa = XCBuildConfiguration;
			buildSettings = {
				ALWAYS_SEARCH_USER_PATHS = NO;
				CLANG_ANALYZER_NONNULL = YES;
				CLANG_ANALYZER_NUMBER_OBJECT_CONVERSION = YES_AGGRESSIVE;
				CLANG_CXX_LANGUAGE_STANDARD = "gnu++20";
				CLANG_ENABLE_MODULES = YES;
				CLANG_ENABLE_OBJC_ARC = YES;
				CLANG_ENABLE_OBJC_WEAK = YES;
				CLANG_WARN_BLOCK_CAPTURE_AUTORELEASING = YES;
				CLANG_WARN_BOOL_CONVERSION = YES;
				CLANG_WARN_COMMA = YES;
				CLANG_WARN_CONSTANT_CONVERSION = YES;
				CLANG_WARN_DEPRECATED_OBJC_IMPLEMENTATIONS = YES;
				CLANG_WARN_DIRECT_OBJC_ISA_USAGE = YES_ERROR;
				CLANG_WARN_DOCUMENTATION_COMMENTS = YES;
				CLANG_WARN_EMPTY_BODY = YES;
				CLANG_WARN_ENUM_CONVERSION = YES;
				CLANG_WARN_INFINITE_RECURSION = YES;
				CLANG_WARN_INT_CONVERSION = YES;
				CLANG_WARN_NON_LITERAL_NULL_CONVERSION = YES;
				CLANG_WARN_OBJC_IMPLICIT_RETAIN_SELF = YES;
				CLANG_WARN_OBJC_LITERAL_CONVERSION = YES;
				CLANG_WARN_OBJC_ROOT_CLASS = YES_ERROR;
				CLANG_WARN_QUOTED_INCLUDE_IN_FRAMEWORK_HEADER = YES;
				CLANG_WARN_RANGE_LOOP_ANALYSIS = YES;
				CLANG_WARN_STRICT_PROTOTYPES = YES;
				CLANG_WARN_SUSPICIOUS_MOVE = YES;
				CLANG_WARN_UNGUARDED_AVAILABILITY = YES_AGGRESSIVE;
				CLANG_WARN_UNREACHABLE_CODE = YES;
				CLANG_WARN__DUPLICATE_METHOD_MATCH = YES;
				COPY_PHASE_STRIP = NO;
				DEBUG_INFORMATION_FORMAT = "dwarf-with-dsym";
				ENABLE_NS_ASSERTIONS = NO;
				ENABLE_STRICT_OBJC_MSGSEND = YES;
				GCC_C_LANGUAGE_STANDARD = gnu11;
				GCC_NO_COMMON_BLOCKS = YES;
				GCC_WARN_64_TO_32_BIT_CONVERSION = YES;
				GCC_WARN_ABOUT_RETURN_TYPE = YES_ERROR;
				GCC_WARN_UNDECLARED_SELECTOR = YES;
				GCC_WARN_UNINITIALIZED_AUTOS = YES_AGGRESSIVE;
				GCC_WARN_UNUSED_FUNCTION = YES;
				GCC_WARN_UNUSED_VARIABLE = YES;
				IPHONEOS_DEPLOYMENT_TARGET = 16.0;
				MTL_ENABLE_DEBUG_INFO = NO;
				MTL_FAST_MATH = YES;
				SDKROOT = iphoneos;
				SWIFT_COMPILATION_MODE = wholemodule;
				SWIFT_OPTIMIZATION_LEVEL = "-O";
				VALIDATE_PRODUCT = YES;
			};
			name = Release;
		};
		988809A128F5DB7F0067E3F1 /* Debug */ = {
			isa = XCBuildConfiguration;
			buildSettings = {
				ASSETCATALOG_COMPILER_APPICON_NAME = AppIcon;
				ASSETCATALOG_COMPILER_GLOBAL_ACCENT_COLOR_NAME = AccentColor;
				CODE_SIGN_STYLE = Automatic;
				CURRENT_PROJECT_VERSION = 1;
				DEVELOPMENT_TEAM = 8DK9849PTW;
				GENERATE_INFOPLIST_FILE = YES;
				INFOPLIST_FILE = "Piggy Bank/Info.plist";
				INFOPLIST_KEY_UIApplicationSupportsIndirectInputEvents = YES;
				INFOPLIST_KEY_UILaunchStoryboardName = LaunchScreen;
				INFOPLIST_KEY_UISupportedInterfaceOrientations_iPad = "UIInterfaceOrientationPortrait UIInterfaceOrientationPortraitUpsideDown UIInterfaceOrientationLandscapeLeft UIInterfaceOrientationLandscapeRight";
				INFOPLIST_KEY_UISupportedInterfaceOrientations_iPhone = "UIInterfaceOrientationPortrait UIInterfaceOrientationLandscapeLeft UIInterfaceOrientationLandscapeRight";
				LD_RUNPATH_SEARCH_PATHS = (
					"$(inherited)",
					"@executable_path/Frameworks",
				);
				MARKETING_VERSION = 1.0;
				PRODUCT_BUNDLE_IDENTIFIER = "learning.Piggy-Bank";
				PRODUCT_NAME = "$(TARGET_NAME)";
				SWIFT_EMIT_LOC_STRINGS = YES;
				SWIFT_VERSION = 5.0;
				TARGETED_DEVICE_FAMILY = "1,2";
			};
			name = Debug;
		};
		988809A228F5DB7F0067E3F1 /* Release */ = {
			isa = XCBuildConfiguration;
			buildSettings = {
				ASSETCATALOG_COMPILER_APPICON_NAME = AppIcon;
				ASSETCATALOG_COMPILER_GLOBAL_ACCENT_COLOR_NAME = AccentColor;
				CODE_SIGN_STYLE = Automatic;
				CURRENT_PROJECT_VERSION = 1;
				DEVELOPMENT_TEAM = 8DK9849PTW;
				GENERATE_INFOPLIST_FILE = YES;
				INFOPLIST_FILE = "Piggy Bank/Info.plist";
				INFOPLIST_KEY_UIApplicationSupportsIndirectInputEvents = YES;
				INFOPLIST_KEY_UILaunchStoryboardName = LaunchScreen;
				INFOPLIST_KEY_UISupportedInterfaceOrientations_iPad = "UIInterfaceOrientationPortrait UIInterfaceOrientationPortraitUpsideDown UIInterfaceOrientationLandscapeLeft UIInterfaceOrientationLandscapeRight";
				INFOPLIST_KEY_UISupportedInterfaceOrientations_iPhone = "UIInterfaceOrientationPortrait UIInterfaceOrientationLandscapeLeft UIInterfaceOrientationLandscapeRight";
				LD_RUNPATH_SEARCH_PATHS = (
					"$(inherited)",
					"@executable_path/Frameworks",
				);
				MARKETING_VERSION = 1.0;
				PRODUCT_BUNDLE_IDENTIFIER = "learning.Piggy-Bank";
				PRODUCT_NAME = "$(TARGET_NAME)";
				SWIFT_EMIT_LOC_STRINGS = YES;
				SWIFT_VERSION = 5.0;
				TARGETED_DEVICE_FAMILY = "1,2";
			};
			name = Release;
		};
		988809A428F5DB7F0067E3F1 /* Debug */ = {
			isa = XCBuildConfiguration;
			buildSettings = {
				ALWAYS_EMBED_SWIFT_STANDARD_LIBRARIES = YES;
				BUNDLE_LOADER = "$(TEST_HOST)";
				CODE_SIGN_STYLE = Automatic;
				CURRENT_PROJECT_VERSION = 1;
				DEVELOPMENT_TEAM = 8DK9849PTW;
				GENERATE_INFOPLIST_FILE = YES;
				IPHONEOS_DEPLOYMENT_TARGET = 16.0;
				MARKETING_VERSION = 1.0;
				PRODUCT_BUNDLE_IDENTIFIER = "learning.Piggy-BankTests";
				PRODUCT_NAME = "$(TARGET_NAME)";
				SWIFT_EMIT_LOC_STRINGS = NO;
				SWIFT_VERSION = 5.0;
				TARGETED_DEVICE_FAMILY = "1,2";
				TEST_HOST = "$(BUILT_PRODUCTS_DIR)/Piggy Bank.app/$(BUNDLE_EXECUTABLE_FOLDER_PATH)/Piggy Bank";
			};
			name = Debug;
		};
		988809A528F5DB7F0067E3F1 /* Release */ = {
			isa = XCBuildConfiguration;
			buildSettings = {
				ALWAYS_EMBED_SWIFT_STANDARD_LIBRARIES = YES;
				BUNDLE_LOADER = "$(TEST_HOST)";
				CODE_SIGN_STYLE = Automatic;
				CURRENT_PROJECT_VERSION = 1;
				DEVELOPMENT_TEAM = 8DK9849PTW;
				GENERATE_INFOPLIST_FILE = YES;
				IPHONEOS_DEPLOYMENT_TARGET = 16.0;
				MARKETING_VERSION = 1.0;
				PRODUCT_BUNDLE_IDENTIFIER = "learning.Piggy-BankTests";
				PRODUCT_NAME = "$(TARGET_NAME)";
				SWIFT_EMIT_LOC_STRINGS = NO;
				SWIFT_VERSION = 5.0;
				TARGETED_DEVICE_FAMILY = "1,2";
				TEST_HOST = "$(BUILT_PRODUCTS_DIR)/Piggy Bank.app/$(BUNDLE_EXECUTABLE_FOLDER_PATH)/Piggy Bank";
			};
			name = Release;
		};
		988809A728F5DB7F0067E3F1 /* Debug */ = {
			isa = XCBuildConfiguration;
			buildSettings = {
				ALWAYS_EMBED_SWIFT_STANDARD_LIBRARIES = YES;
				CODE_SIGN_STYLE = Automatic;
				CURRENT_PROJECT_VERSION = 1;
				DEVELOPMENT_TEAM = 8DK9849PTW;
				GENERATE_INFOPLIST_FILE = YES;
				MARKETING_VERSION = 1.0;
				PRODUCT_BUNDLE_IDENTIFIER = "learning.Piggy-BankUITests";
				PRODUCT_NAME = "$(TARGET_NAME)";
				SWIFT_EMIT_LOC_STRINGS = NO;
				SWIFT_VERSION = 5.0;
				TARGETED_DEVICE_FAMILY = "1,2";
				TEST_TARGET_NAME = "Piggy Bank";
			};
			name = Debug;
		};
		988809A828F5DB7F0067E3F1 /* Release */ = {
			isa = XCBuildConfiguration;
			buildSettings = {
				ALWAYS_EMBED_SWIFT_STANDARD_LIBRARIES = YES;
				CODE_SIGN_STYLE = Automatic;
				CURRENT_PROJECT_VERSION = 1;
				DEVELOPMENT_TEAM = 8DK9849PTW;
				GENERATE_INFOPLIST_FILE = YES;
				MARKETING_VERSION = 1.0;
				PRODUCT_BUNDLE_IDENTIFIER = "learning.Piggy-BankUITests";
				PRODUCT_NAME = "$(TARGET_NAME)";
				SWIFT_EMIT_LOC_STRINGS = NO;
				SWIFT_VERSION = 5.0;
				TARGETED_DEVICE_FAMILY = "1,2";
				TEST_TARGET_NAME = "Piggy Bank";
			};
			name = Release;
		};
/* End XCBuildConfiguration section */

/* Begin XCConfigurationList section */
		9888096E28F5DB7E0067E3F1 /* Build configuration list for PBXProject "Piggy Bank" */ = {
			isa = XCConfigurationList;
			buildConfigurations = (
				9888099E28F5DB7F0067E3F1 /* Debug */,
				9888099F28F5DB7F0067E3F1 /* Release */,
			);
			defaultConfigurationIsVisible = 0;
			defaultConfigurationName = Release;
		};
		988809A028F5DB7F0067E3F1 /* Build configuration list for PBXNativeTarget "Piggy Bank" */ = {
			isa = XCConfigurationList;
			buildConfigurations = (
				988809A128F5DB7F0067E3F1 /* Debug */,
				988809A228F5DB7F0067E3F1 /* Release */,
			);
			defaultConfigurationIsVisible = 0;
			defaultConfigurationName = Release;
		};
		988809A328F5DB7F0067E3F1 /* Build configuration list for PBXNativeTarget "Piggy BankTests" */ = {
			isa = XCConfigurationList;
			buildConfigurations = (
				988809A428F5DB7F0067E3F1 /* Debug */,
				988809A528F5DB7F0067E3F1 /* Release */,
			);
			defaultConfigurationIsVisible = 0;
			defaultConfigurationName = Release;
		};
		988809A628F5DB7F0067E3F1 /* Build configuration list for PBXNativeTarget "Piggy BankUITests" */ = {
			isa = XCConfigurationList;
			buildConfigurations = (
				988809A728F5DB7F0067E3F1 /* Debug */,
				988809A828F5DB7F0067E3F1 /* Release */,
			);
			defaultConfigurationIsVisible = 0;
			defaultConfigurationName = Release;
		};
/* End XCConfigurationList section */

/* Begin XCVersionGroup section */
		9888097F28F5DB7E0067E3F1 /* Piggy_Bank.xcdatamodeld */ = {
			isa = XCVersionGroup;
			children = (
				9888098028F5DB7E0067E3F1 /* Piggy_Bank.xcdatamodel */,
			);
			currentVersion = 9888098028F5DB7E0067E3F1 /* Piggy_Bank.xcdatamodel */;
			path = Piggy_Bank.xcdatamodeld;
			sourceTree = "<group>";
			versionGroupType = wrapper.xcdatamodel;
		};
/* End XCVersionGroup section */
	};
	rootObject = 9888096B28F5DB7E0067E3F1 /* Project object */;
}
